// !$*UTF8*$!
{
	archiveVersion = 1;
	classes = {
	};
	objectVersion = 46;
	objects = {

/* Begin PBXBuildFile section */
		BE4D66FD1EFFE4C400BBEA2B /* CoreData.framework in Frameworks */ = {isa = PBXBuildFile; fileRef = BE4D66FC1EFFE4C400BBEA2B /* CoreData.framework */; };
		BE4D67001EFFF53700BBEA2B /* SnippetData.xcdatamodeld in Sources */ = {isa = PBXBuildFile; fileRef = BE4D66FE1EFFF53700BBEA2B /* SnippetData.xcdatamodeld */; };
		BE6AD59D1EE99E6400677B58 /* AppDelegate.swift in Sources */ = {isa = PBXBuildFile; fileRef = BE6AD59C1EE99E6400677B58 /* AppDelegate.swift */; };
		BE6AD59F1EE99E6400677B58 /* ViewController.swift in Sources */ = {isa = PBXBuildFile; fileRef = BE6AD59E1EE99E6400677B58 /* ViewController.swift */; };
		BE6AD5A21EE99E6400677B58 /* Main.storyboard in Resources */ = {isa = PBXBuildFile; fileRef = BE6AD5A01EE99E6400677B58 /* Main.storyboard */; };
		BE6AD5A41EE99E6400677B58 /* Assets.xcassets in Resources */ = {isa = PBXBuildFile; fileRef = BE6AD5A31EE99E6400677B58 /* Assets.xcassets */; };
		BE6AD5A71EE99E6400677B58 /* LaunchScreen.storyboard in Resources */ = {isa = PBXBuildFile; fileRef = BE6AD5A51EE99E6400677B58 /* LaunchScreen.storyboard */; };
		BE6AD5AF1EE99F2800677B58 /* SnippetData.swift in Sources */ = {isa = PBXBuildFile; fileRef = BE6AD5AE1EE99F2800677B58 /* SnippetData.swift */; };
		BE77517F1EF8186F00DC9734 /* Social.framework in Frameworks */ = {isa = PBXBuildFile; fileRef = BE77517E1EF8186F00DC9734 /* Social.framework */; };
		BE7CD2241EEB86A200408923 /* TextSnippetEntryViewController.swift in Sources */ = {isa = PBXBuildFile; fileRef = BE7CD2231EEB86A200408923 /* TextSnippetEntryViewController.swift */; };
		BEB0C6121EF6B55000964C4E /* CoreLocation.framework in Frameworks */ = {isa = PBXBuildFile; fileRef = BEB0C6111EF6B55000964C4E /* CoreLocation.framework */; settings = {ATTRIBUTES = (Required, ); }; };
		BEE4E3B31EEC360400C651E6 /* TextSnippetCell.swift in Sources */ = {isa = PBXBuildFile; fileRef = BEE4E3B21EEC360400C651E6 /* TextSnippetCell.swift */; };
		BEE4E3B51EEC366500C651E6 /* PhotoSnippetCell.swift in Sources */ = {isa = PBXBuildFile; fileRef = BEE4E3B41EEC366500C651E6 /* PhotoSnippetCell.swift */; };
/* End PBXBuildFile section */

/* Begin PBXFileReference section */
		BE4D66FC1EFFE4C400BBEA2B /* CoreData.framework */ = {isa = PBXFileReference; lastKnownFileType = wrapper.framework; name = CoreData.framework; path = System/Library/Frameworks/CoreData.framework; sourceTree = SDKROOT; };
		BE4D66FF1EFFF53700BBEA2B /* SnippetData.xcdatamodel */ = {isa = PBXFileReference; lastKnownFileType = wrapper.xcdatamodel; path = SnippetData.xcdatamodel; sourceTree = "<group>"; };
		BE6AD5991EE99E6400677B58 /* Snippets.app */ = {isa = PBXFileReference; explicitFileType = wrapper.application; includeInIndex = 0; path = Snippets.app; sourceTree = BUILT_PRODUCTS_DIR; };
		BE6AD59C1EE99E6400677B58 /* AppDelegate.swift */ = {isa = PBXFileReference; lastKnownFileType = sourcecode.swift; path = AppDelegate.swift; sourceTree = "<group>"; };
		BE6AD59E1EE99E6400677B58 /* ViewController.swift */ = {isa = PBXFileReference; lastKnownFileType = sourcecode.swift; path = ViewController.swift; sourceTree = "<group>"; };
		BE6AD5A11EE99E6400677B58 /* Base */ = {isa = PBXFileReference; lastKnownFileType = file.storyboard; name = Base; path = Base.lproj/Main.storyboard; sourceTree = "<group>"; };
		BE6AD5A31EE99E6400677B58 /* Assets.xcassets */ = {isa = PBXFileReference; lastKnownFileType = folder.assetcatalog; path = Assets.xcassets; sourceTree = "<group>"; };
		BE6AD5A61EE99E6400677B58 /* Base */ = {isa = PBXFileReference; lastKnownFileType = file.storyboard; name = Base; path = Base.lproj/LaunchScreen.storyboard; sourceTree = "<group>"; };
		BE6AD5A81EE99E6400677B58 /* Info.plist */ = {isa = PBXFileReference; lastKnownFileType = text.plist.xml; path = Info.plist; sourceTree = "<group>"; };
		BE6AD5AE1EE99F2800677B58 /* SnippetData.swift */ = {isa = PBXFileReference; fileEncoding = 4; lastKnownFileType = sourcecode.swift; path = SnippetData.swift; sourceTree = "<group>"; };
		BE77517E1EF8186F00DC9734 /* Social.framework */ = {isa = PBXFileReference; lastKnownFileType = wrapper.framework; name = Social.framework; path = System/Library/Frameworks/Social.framework; sourceTree = SDKROOT; };
		BE7CD2231EEB86A200408923 /* TextSnippetEntryViewController.swift */ = {isa = PBXFileReference; fileEncoding = 4; lastKnownFileType = sourcecode.swift; path = TextSnippetEntryViewController.swift; sourceTree = "<group>"; };
		BEB0C6111EF6B55000964C4E /* CoreLocation.framework */ = {isa = PBXFileReference; lastKnownFileType = wrapper.framework; name = CoreLocation.framework; path = System/Library/Frameworks/CoreLocation.framework; sourceTree = SDKROOT; };
		BEE4E3B21EEC360400C651E6 /* TextSnippetCell.swift */ = {isa = PBXFileReference; fileEncoding = 4; lastKnownFileType = sourcecode.swift; path = TextSnippetCell.swift; sourceTree = "<group>"; };
		BEE4E3B41EEC366500C651E6 /* PhotoSnippetCell.swift */ = {isa = PBXFileReference; fileEncoding = 4; lastKnownFileType = sourcecode.swift; path = PhotoSnippetCell.swift; sourceTree = "<group>"; };
/* End PBXFileReference section */

/* Begin PBXFrameworksBuildPhase section */
		BE6AD5961EE99E6400677B58 /* Frameworks */ = {
			isa = PBXFrameworksBuildPhase;
			buildActionMask = 2147483647;
			files = (
				BE4D66FD1EFFE4C400BBEA2B /* CoreData.framework in Frameworks */,
				BE77517F1EF8186F00DC9734 /* Social.framework in Frameworks */,
				BEB0C6121EF6B55000964C4E /* CoreLocation.framework in Frameworks */,
			);
			runOnlyForDeploymentPostprocessing = 0;
		};
/* End PBXFrameworksBuildPhase section */

/* Begin PBXGroup section */
		BE6AD5901EE99E6400677B58 = {
			isa = PBXGroup;
			children = (
				BE6AD59B1EE99E6400677B58 /* Snippets */,
				BE6AD59A1EE99E6400677B58 /* Products */,
				BEB0C6101EF6B55000964C4E /* Frameworks */,
			);
			sourceTree = "<group>";
		};
		BE6AD59A1EE99E6400677B58 /* Products */ = {
			isa = PBXGroup;
			children = (
				BE6AD5991EE99E6400677B58 /* Snippets.app */,
			);
			name = Products;
			sourceTree = "<group>";
		};
		BE6AD59B1EE99E6400677B58 /* Snippets */ = {
			isa = PBXGroup;
			children = (
				BE6AD5AE1EE99F2800677B58 /* SnippetData.swift */,
				BE7CD2231EEB86A200408923 /* TextSnippetEntryViewController.swift */,
				BE6AD59C1EE99E6400677B58 /* AppDelegate.swift */,
				BE4D66FE1EFFF53700BBEA2B /* SnippetData.xcdatamodeld */,
				BE6AD59E1EE99E6400677B58 /* ViewController.swift */,
				BE6AD5A01EE99E6400677B58 /* Main.storyboard */,
				BEE4E3B21EEC360400C651E6 /* TextSnippetCell.swift */,
				BEE4E3B41EEC366500C651E6 /* PhotoSnippetCell.swift */,
				BE6AD5A31EE99E6400677B58 /* Assets.xcassets */,
				BE6AD5A51EE99E6400677B58 /* LaunchScreen.storyboard */,
				BE6AD5A81EE99E6400677B58 /* Info.plist */,
			);
			path = Snippets;
			sourceTree = "<group>";
		};
		BEB0C6101EF6B55000964C4E /* Frameworks */ = {
			isa = PBXGroup;
			children = (
				BE4D66FC1EFFE4C400BBEA2B /* CoreData.framework */,
				BE77517E1EF8186F00DC9734 /* Social.framework */,
				BEB0C6111EF6B55000964C4E /* CoreLocation.framework */,
			);
			name = Frameworks;
			sourceTree = "<group>";
		};
/* End PBXGroup section */

/* Begin PBXNativeTarget section */
		BE6AD5981EE99E6400677B58 /* Snippets */ = {
			isa = PBXNativeTarget;
			buildConfigurationList = BE6AD5AB1EE99E6400677B58 /* Build configuration list for PBXNativeTarget "Snippets" */;
			buildPhases = (
				BE6AD5951EE99E6400677B58 /* Sources */,
				BE6AD5961EE99E6400677B58 /* Frameworks */,
				BE6AD5971EE99E6400677B58 /* Resources */,
			);
			buildRules = (
			);
			dependencies = (
			);
			name = Snippets;
			productName = Snippets;
			productReference = BE6AD5991EE99E6400677B58 /* Snippets.app */;
			productType = "com.apple.product-type.application";
		};
/* End PBXNativeTarget section */

/* Begin PBXProject section */
		BE6AD5911EE99E6400677B58 /* Project object */ = {
			isa = PBXProject;
			attributes = {
				LastSwiftUpdateCheck = 0830;
				LastUpgradeCheck = 0830;
				ORGANIZATIONNAME = "王家永";
				TargetAttributes = {
					BE6AD5981EE99E6400677B58 = {
						CreatedOnToolsVersion = 8.3.2;
						DevelopmentTeam = VQSVMPEJCG;
						ProvisioningStyle = Automatic;
					};
				};
			};
			buildConfigurationList = BE6AD5941EE99E6400677B58 /* Build configuration list for PBXProject "Snippets" */;
			compatibilityVersion = "Xcode 3.2";
			developmentRegion = English;
			hasScannedForEncodings = 0;
			knownRegions = (
				en,
				Base,
			);
			mainGroup = BE6AD5901EE99E6400677B58;
			productRefGroup = BE6AD59A1EE99E6400677B58 /* Products */;
			projectDirPath = "";
			projectRoot = "";
			targets = (
				BE6AD5981EE99E6400677B58 /* Snippets */,
			);
		};
/* End PBXProject section */

/* Begin PBXResourcesBuildPhase section */
		BE6AD5971EE99E6400677B58 /* Resources */ = {
			isa = PBXResourcesBuildPhase;
			buildActionMask = 2147483647;
			files = (
				BE6AD5A71EE99E6400677B58 /* LaunchScreen.storyboard in Resources */,
				BE6AD5A41EE99E6400677B58 /* Assets.xcassets in Resources */,
				BE6AD5A21EE99E6400677B58 /* Main.storyboard in Resources */,
			);
			runOnlyForDeploymentPostprocessing = 0;
		};
/* End PBXResourcesBuildPhase section */

/* Begin PBXSourcesBuildPhase section */
		BE6AD5951EE99E6400677B58 /* Sources */ = {
			isa = PBXSourcesBuildPhase;
			buildActionMask = 2147483647;
			files = (
				BEE4E3B31EEC360400C651E6 /* TextSnippetCell.swift in Sources */,
				BE7CD2241EEB86A200408923 /* TextSnippetEntryViewController.swift in Sources */,
				BE4D67001EFFF53700BBEA2B /* SnippetData.xcdatamodeld in Sources */,
				BE6AD59F1EE99E6400677B58 /* ViewController.swift in Sources */,
				BE6AD59D1EE99E6400677B58 /* AppDelegate.swift in Sources */,
				BEE4E3B51EEC366500C651E6 /* PhotoSnippetCell.swift in Sources */,
				BE6AD5AF1EE99F2800677B58 /* SnippetData.swift in Sources */,
			);
			runOnlyForDeploymentPostprocessing = 0;
		};
/* End PBXSourcesBuildPhase section */

/* Begin PBXVariantGroup section */
		BE6AD5A01EE99E6400677B58 /* Main.storyboard */ = {
			isa = PBXVariantGroup;
			children = (
				BE6AD5A11EE99E6400677B58 /* Base */,
			);
			name = Main.storyboard;
			sourceTree = "<group>";
		};
		BE6AD5A51EE99E6400677B58 /* LaunchScreen.storyboard */ = {
			isa = PBXVariantGroup;
			children = (
				BE6AD5A61EE99E6400677B58 /* Base */,
			);
			name = LaunchScreen.storyboard;
			sourceTree = "<group>";
		};
/* End PBXVariantGroup section */

/* Begin XCBuildConfiguration section */
		BE6AD5A91EE99E6400677B58 /* Debug */ = {
			isa = XCBuildConfiguration;
			buildSettings = {
				ALWAYS_SEARCH_USER_PATHS = NO;
				CLANG_ANALYZER_NONNULL = YES;
				CLANG_ANALYZER_NUMBER_OBJECT_CONVERSION = YES_AGGRESSIVE;
				CLANG_CXX_LANGUAGE_STANDARD = "gnu++0x";
				CLANG_CXX_LIBRARY = "libc++";
				CLANG_ENABLE_MODULES = YES;
				CLANG_ENABLE_OBJC_ARC = YES;
				CLANG_WARN_BOOL_CONVERSION = YES;
				CLANG_WARN_CONSTANT_CONVERSION = YES;
				CLANG_WARN_DIRECT_OBJC_ISA_USAGE = YES_ERROR;
				CLANG_WARN_DOCUMENTATION_COMMENTS = YES;
				CLANG_WARN_EMPTY_BODY = YES;
				CLANG_WARN_ENUM_CONVERSION = YES;
				CLANG_WARN_INFINITE_RECURSION = YES;
				CLANG_WARN_INT_CONVERSION = YES;
				CLANG_WARN_OBJC_ROOT_CLASS = YES_ERROR;
				CLANG_WARN_SUSPICIOUS_MOVE = YES;
				CLANG_WARN_UNREACHABLE_CODE = YES;
				CLANG_WARN__DUPLICATE_METHOD_MATCH = YES;
				"CODE_SIGN_IDENTITY[sdk=iphoneos*]" = "iPhone Developer";
				COPY_PHASE_STRIP = NO;
				DEBUG_INFORMATION_FORMAT = dwarf;
				ENABLE_STRICT_OBJC_MSGSEND = YES;
				ENABLE_TESTABILITY = YES;
				GCC_C_LANGUAGE_STANDARD = gnu99;
				GCC_DYNAMIC_NO_PIC = NO;
				GCC_NO_COMMON_BLOCKS = YES;
				GCC_OPTIMIZATION_LEVEL = 0;
				GCC_PREPROCESSOR_DEFINITIONS = (
					"DEBUG=1",
					"$(inherited)",
				);
				GCC_WARN_64_TO_32_BIT_CONVERSION = YES;
				GCC_WARN_ABOUT_RETURN_TYPE = YES_ERROR;
				GCC_WARN_UNDECLARED_SELECTOR = YES;
				GCC_WARN_UNINITIALIZED_AUTOS = YES_AGGRESSIVE;
				GCC_WARN_UNUSED_FUNCTION = YES;
				GCC_WARN_UNUSED_VARIABLE = YES;
				IPHONEOS_DEPLOYMENT_TARGET = 10.3;
				MTL_ENABLE_DEBUG_INFO = YES;
				ONLY_ACTIVE_ARCH = YES;
				SDKROOT = iphoneos;
				SWIFT_ACTIVE_COMPILATION_CONDITIONS = DEBUG;
				SWIFT_OPTIMIZATION_LEVEL = "-Onone";
			};
			name = Debug;
		};
		BE6AD5AA1EE99E6400677B58 /* Release */ = {
			isa = XCBuildConfiguration;
			buildSettings = {
				ALWAYS_SEARCH_USER_PATHS = NO;
				CLANG_ANALYZER_NONNULL = YES;
				CLANG_ANALYZER_NUMBER_OBJECT_CONVERSION = YES_AGGRESSIVE;
				CLANG_CXX_LANGUAGE_STANDARD = "gnu++0x";
				CLANG_CXX_LIBRARY = "libc++";
				CLANG_ENABLE_MODULES = YES;
				CLANG_ENABLE_OBJC_ARC = YES;
				CLANG_WARN_BOOL_CONVERSION = YES;
				CLANG_WARN_CONSTANT_CONVERSION = YES;
				CLANG_WARN_DIRECT_OBJC_ISA_USAGE = YES_ERROR;
				CLANG_WARN_DOCUMENTATION_COMMENTS = YES;
				CLANG_WARN_EMPTY_BODY = YES;
				CLANG_WARN_ENUM_CONVERSION = YES;
				CLANG_WARN_INFINITE_RECURSION = YES;
				CLANG_WARN_INT_CONVERSION = YES;
				CLANG_WARN_OBJC_ROOT_CLASS = YES_ERROR;
				CLANG_WARN_SUSPICIOUS_MOVE = YES;
				CLANG_WARN_UNREACHABLE_CODE = YES;
				CLANG_WARN__DUPLICATE_METHOD_MATCH = YES;
				"CODE_SIGN_IDENTITY[sdk=iphoneos*]" = "iPhone Developer";
				COPY_PHASE_STRIP = NO;
				DEBUG_INFORMATION_FORMAT = "dwarf-with-dsym";
				ENABLE_NS_ASSERTIONS = NO;
				ENABLE_STRICT_OBJC_MSGSEND = YES;
				GCC_C_LANGUAGE_STANDARD = gnu99;
				GCC_NO_COMMON_BLOCKS = YES;
				GCC_WARN_64_TO_32_BIT_CONVERSION = YES;
				GCC_WARN_ABOUT_RETURN_TYPE = YES_ERROR;
				GCC_WARN_UNDECLARED_SELECTOR = YES;
				GCC_WARN_UNINITIALIZED_AUTOS = YES_AGGRESSIVE;
				GCC_WARN_UNUSED_FUNCTION = YES;
				GCC_WARN_UNUSED_VARIABLE = YES;
				IPHONEOS_DEPLOYMENT_TARGET = 10.3;
				MTL_ENABLE_DEBUG_INFO = NO;
				SDKROOT = iphoneos;
				SWIFT_OPTIMIZATION_LEVEL = "-Owholemodule";
				VALIDATE_PRODUCT = YES;
			};
			name = Release;
		};
		BE6AD5AC1EE99E6400677B58 /* Debug */ = {
			isa = XCBuildConfiguration;
			buildSettings = {
				ASSETCATALOG_COMPILER_APPICON_NAME = AppIcon;
				DEVELOPMENT_TEAM = VQSVMPEJCG;
				INFOPLIST_FILE = Snippets/Info.plist;
				IPHONEOS_DEPLOYMENT_TARGET = 10.0;
				LD_RUNPATH_SEARCH_PATHS = "$(inherited) @executable_path/Frameworks";
				PRODUCT_BUNDLE_IDENTIFIER = com.futariver.Snippets;
				PRODUCT_NAME = "$(TARGET_NAME)";
				SWIFT_VERSION = 3.0;
			};
			name = Debug;
		};
		BE6AD5AD1EE99E6400677B58 /* Release */ = {
			isa = XCBuildConfiguration;
			buildSettings = {
				ASSETCATALOG_COMPILER_APPICON_NAME = AppIcon;
				DEVELOPMENT_TEAM = VQSVMPEJCG;
				INFOPLIST_FILE = Snippets/Info.plist;
				IPHONEOS_DEPLOYMENT_TARGET = 10.0;
				LD_RUNPATH_SEARCH_PATHS = "$(inherited) @executable_path/Frameworks";
				PRODUCT_BUNDLE_IDENTIFIER = com.futariver.Snippets;
				PRODUCT_NAME = "$(TARGET_NAME)";
				SWIFT_VERSION = 3.0;
			};
			name = Release;
		};
/* End XCBuildConfiguration section */

/* Begin XCConfigurationList section */
		BE6AD5941EE99E6400677B58 /* Build configuration list for PBXProject "Snippets" */ = {
			isa = XCConfigurationList;
			buildConfigurations = (
				BE6AD5A91EE99E6400677B58 /* Debug */,
				BE6AD5AA1EE99E6400677B58 /* Release */,
			);
			defaultConfigurationIsVisible = 0;
			defaultConfigurationName = Release;
		};
		BE6AD5AB1EE99E6400677B58 /* Build configuration list for PBXNativeTarget "Snippets" */ = {
			isa = XCConfigurationList;
			buildConfigurations = (
				BE6AD5AC1EE99E6400677B58 /* Debug */,
				BE6AD5AD1EE99E6400677B58 /* Release */,
			);
			defaultConfigurationIsVisible = 0;
			defaultConfigurationName = Release;
		};
/* End XCConfigurationList section */

/* Begin XCVersionGroup section */
		BE4D66FE1EFFF53700BBEA2B /* SnippetData.xcdatamodeld */ = {
			isa = XCVersionGroup;
			children = (
				BE4D66FF1EFFF53700BBEA2B /* SnippetData.xcdatamodel */,
			);
			currentVersion = BE4D66FF1EFFF53700BBEA2B /* SnippetData.xcdatamodel */;
			path = SnippetData.xcdatamodeld;
			sourceTree = "<group>";
			versionGroupType = wrapper.xcdatamodel;
		};
/* End XCVersionGroup section */
	};
	rootObject = BE6AD5911EE99E6400677B58 /* Project object */;
}
